
Microsoft Visual Studio Solution File, Format Version 12.00
# Visual Studio 15
VisualStudioVersion = 15.0.27703.2042
MinimumVisualStudioVersion = 10.0.40219.1
Project("{9A19103F-16F7-4668-BE54-9A1E7A4F7556}") = "Parser", "Parser\Parser.csproj", "{0047390A-286E-4A97-AA8B-8D044E2F40AA}"
EndProject
Project("{9A19103F-16F7-4668-BE54-9A1E7A4F7556}") = "Core", "Core\Core.csproj", "{C580A4F7-AAEB-4978-B1FB-6C0602A3C6A0}"
EndProject
Project("{9A19103F-16F7-4668-BE54-9A1E7A4F7556}") = "TestCore", "TestCore\TestCore.csproj", "{EAD13AE6-20EF-4461-AE51-14AEEA7D9271}"
EndProject
Global
	GlobalSection(SolutionConfigurationPlatforms) = preSolution
		Debug|Any CPU = Debug|Any CPU
		Release|Any CPU = Release|Any CPU
	EndGlobalSection
	GlobalSection(ProjectConfigurationPlatforms) = postSolution
		{0047390A-286E-4A97-AA8B-8D044E2F40AA}.Debug|Any CPU.ActiveCfg = Debug|Any CPU
		{0047390A-286E-4A97-AA8B-8D044E2F40AA}.Debug|Any CPU.Build.0 = Debug|Any CPU
		{0047390A-286E-4A97-AA8B-8D044E2F40AA}.Release|Any CPU.ActiveCfg = Release|Any CPU
		{0047390A-286E-4A97-AA8B-8D044E2F40AA}.Release|Any CPU.Build.0 = Release|Any CPU
		{C580A4F7-AAEB-4978-B1FB-6C0602A3C6A0}.Debug|Any CPU.ActiveCfg = Debug|Any CPU
		{C580A4F7-AAEB-4978-B1FB-6C0602A3C6A0}.Debug|Any CPU.Build.0 = Debug|Any CPU
		{C580A4F7-AAEB-4978-B1FB-6C0602A3C6A0}.Release|Any CPU.ActiveCfg = Release|Any CPU
		{C580A4F7-AAEB-4978-B1FB-6C0602A3C6A0}.Release|Any CPU.Build.0 = Release|Any CPU
		{EAD13AE6-20EF-4461-AE51-14AEEA7D9271}.Debug|Any CPU.ActiveCfg = Debug|Any CPU
		{EAD13AE6-20EF-4461-AE51-14AEEA7D9271}.Debug|Any CPU.Build.0 = Debug|Any CPU
		{EAD13AE6-20EF-4461-AE51-14AEEA7D9271}.Release|Any CPU.ActiveCfg = Release|Any CPU
		{EAD13AE6-20EF-4461-AE51-14AEEA7D9271}.Release|Any CPU.Build.0 = Release|Any CPU
	EndGlobalSection
	GlobalSection(SolutionProperties) = preSolution
		HideSolutionNode = FALSE
	EndGlobalSection
	GlobalSection(ExtensibilityGlobals) = postSolution
		SolutionGuid = {816DD21F-9134-49AD-901E-19E30BB659C4}
	EndGlobalSection
EndGlobal
